
Microsoft Visual Studio Solution File, Format Version 12.00
# Visual Studio 15
VisualStudioVersion = 15.0.27004.2009
MinimumVisualStudioVersion = 10.0.40219.1
Project("{8BC9CEB8-8B4A-11D0-8D11-00A0C91BC942}") = "Integral", "Integral\Integral.vcxproj", "{12DD024A-0AD1-4064-834B-57C39313E2FE}"
EndProject
Global
	GlobalSection(SolutionConfigurationPlatforms) = preSolution
		Debug|x64 = Debug|x64
		Debug|x86 = Debug|x86
		Release|x64 = Release|x64
		Release|x86 = Release|x86
	EndGlobalSection
	GlobalSection(ProjectConfigurationPlatforms) = postSolution
		{12DD024A-0AD1-4064-834B-57C39313E2FE}.Debug|x64.ActiveCfg = Debug|x64
		{12DD024A-0AD1-4064-834B-57C39313E2FE}.Debug|x64.Build.0 = Debug|x64
		{12DD024A-0AD1-4064-834B-57C39313E2FE}.Debug|x86.ActiveCfg = Debug|Win32
		{12DD024A-0AD1-4064-834B-57C39313E2FE}.Debug|x86.Build.0 = Debug|Win32
		{12DD024A-0AD1-4064-834B-57C39313E2FE}.Release|x64.ActiveCfg = Release|x64
		{12DD024A-0AD1-4064-834B-57C39313E2FE}.Release|x64.Build.0 = Release|x64
		{12DD024A-0AD1-4064-834B-57C39313E2FE}.Release|x86.ActiveCfg = Release|Win32
		{12DD024A-0AD1-4064-834B-57C39313E2FE}.Release|x86.Build.0 = Release|Win32
	EndGlobalSection
	GlobalSection(SolutionProperties) = preSolution
		HideSolutionNode = FALSE
	EndGlobalSection
	GlobalSection(ExtensibilityGlobals) = postSolution
		SolutionGuid = {5C52F74D-27E9-4ED2-9060-41B99E27246D}
	EndGlobalSection
EndGlobal
